
Microsoft Visual Studio Solution File, Format Version 12.00
# Visual Studio 15
VisualStudioVersion = 15.0.27130.2036
MinimumVisualStudioVersion = 10.0.40219.1
Project("{9A19103F-16F7-4668-BE54-9A1E7A4F7556}") = "CS70", "CS70\CS70.csproj", "{B1CCC3B7-AFFB-4D72-ADA2-D19F186D5741}"
EndProject
Project("{9A19103F-16F7-4668-BE54-9A1E7A4F7556}") = "CS71", "CS71\CS71.csproj", "{43EFA18E-FB2B-446D-8C0F-1A2CA7EF8FB1}"
EndProject
Project("{9A19103F-16F7-4668-BE54-9A1E7A4F7556}") = "CS72", "CS72\CS72.csproj", "{166C8667-9DF1-4417-8F56-A0DBC8FD9438}"
EndProject
Project("{9A19103F-16F7-4668-BE54-9A1E7A4F7556}") = "CS72_External", "CS72_External\CS72_External.csproj", "{BC5D74AC-063B-4166-BA54-27333645F22E}"
EndProject
Project("{FAE04EC0-301F-11D3-BF4B-00C04F79EFBC}") = "CS73", "CS73\CS73.csproj", "{88D1ADB9-3B47-44BD-8678-38B1F9B3D4CB}"
EndProject
Global
	GlobalSection(SolutionConfigurationPlatforms) = preSolution
		Debug|Any CPU = Debug|Any CPU
		Release|Any CPU = Release|Any CPU
	EndGlobalSection
	GlobalSection(ProjectConfigurationPlatforms) = postSolution
		{B1CCC3B7-AFFB-4D72-ADA2-D19F186D5741}.Debug|Any CPU.ActiveCfg = Debug|Any CPU
		{B1CCC3B7-AFFB-4D72-ADA2-D19F186D5741}.Debug|Any CPU.Build.0 = Debug|Any CPU
		{B1CCC3B7-AFFB-4D72-ADA2-D19F186D5741}.Release|Any CPU.ActiveCfg = Release|Any CPU
		{B1CCC3B7-AFFB-4D72-ADA2-D19F186D5741}.Release|Any CPU.Build.0 = Release|Any CPU
		{43EFA18E-FB2B-446D-8C0F-1A2CA7EF8FB1}.Debug|Any CPU.ActiveCfg = Debug|Any CPU
		{43EFA18E-FB2B-446D-8C0F-1A2CA7EF8FB1}.Debug|Any CPU.Build.0 = Debug|Any CPU
		{43EFA18E-FB2B-446D-8C0F-1A2CA7EF8FB1}.Release|Any CPU.ActiveCfg = Release|Any CPU
		{43EFA18E-FB2B-446D-8C0F-1A2CA7EF8FB1}.Release|Any CPU.Build.0 = Release|Any CPU
		{166C8667-9DF1-4417-8F56-A0DBC8FD9438}.Debug|Any CPU.ActiveCfg = Debug|Any CPU
		{166C8667-9DF1-4417-8F56-A0DBC8FD9438}.Debug|Any CPU.Build.0 = Debug|Any CPU
		{166C8667-9DF1-4417-8F56-A0DBC8FD9438}.Release|Any CPU.ActiveCfg = Release|Any CPU
		{166C8667-9DF1-4417-8F56-A0DBC8FD9438}.Release|Any CPU.Build.0 = Release|Any CPU
		{BC5D74AC-063B-4166-BA54-27333645F22E}.Debug|Any CPU.ActiveCfg = Debug|Any CPU
		{BC5D74AC-063B-4166-BA54-27333645F22E}.Debug|Any CPU.Build.0 = Debug|Any CPU
		{BC5D74AC-063B-4166-BA54-27333645F22E}.Release|Any CPU.ActiveCfg = Release|Any CPU
		{BC5D74AC-063B-4166-BA54-27333645F22E}.Release|Any CPU.Build.0 = Release|Any CPU
		{88D1ADB9-3B47-44BD-8678-38B1F9B3D4CB}.Debug|Any CPU.ActiveCfg = Debug|Any CPU
		{88D1ADB9-3B47-44BD-8678-38B1F9B3D4CB}.Debug|Any CPU.Build.0 = Debug|Any CPU
		{88D1ADB9-3B47-44BD-8678-38B1F9B3D4CB}.Release|Any CPU.ActiveCfg = Release|Any CPU
		{88D1ADB9-3B47-44BD-8678-38B1F9B3D4CB}.Release|Any CPU.Build.0 = Release|Any CPU
	EndGlobalSection
	GlobalSection(SolutionProperties) = preSolution
		HideSolutionNode = FALSE
	EndGlobalSection
	GlobalSection(ExtensibilityGlobals) = postSolution
		SolutionGuid = {08866653-DDDD-46D4-85D7-6A5F66FAD6E4}
	EndGlobalSection
EndGlobal
